
Microsoft Visual Studio Solution File, Format Version 12.00
# Visual Studio 15
Project("{FAE04EC0-301F-11D3-BF4B-00C04F79EFBC}") = "Assembly-CSharp", "Assembly-CSharp.csproj", "{EBFE6462-0535-05BA-21F6-C360FFE2C888}"
EndProject
Project("{FAE04EC0-301F-11D3-BF4B-00C04F79EFBC}") = "Assembly-CSharp-Editor", "Assembly-CSharp-Editor.csproj", "{C19CE93F-FC44-6B57-97B5-4271460FA7B3}"
EndProject
Global
	GlobalSection(SolutionConfigurationPlatforms) = preSolution
		Debug|Any CPU = Debug|Any CPU
		Release|Any CPU = Release|Any CPU
	EndGlobalSection
	GlobalSection(ProjectConfigurationPlatforms) = postSolution
		{EBFE6462-0535-05BA-21F6-C360FFE2C888}.Debug|Any CPU.ActiveCfg = Debug|Any CPU
		{EBFE6462-0535-05BA-21F6-C360FFE2C888}.Debug|Any CPU.Build.0 = Debug|Any CPU
		{EBFE6462-0535-05BA-21F6-C360FFE2C888}.Release|Any CPU.ActiveCfg = Release|Any CPU
		{EBFE6462-0535-05BA-21F6-C360FFE2C888}.Release|Any CPU.Build.0 = Release|Any CPU
		{C19CE93F-FC44-6B57-97B5-4271460FA7B3}.Debug|Any CPU.ActiveCfg = Debug|Any CPU
		{C19CE93F-FC44-6B57-97B5-4271460FA7B3}.Debug|Any CPU.Build.0 = Debug|Any CPU
		{C19CE93F-FC44-6B57-97B5-4271460FA7B3}.Release|Any CPU.ActiveCfg = Release|Any CPU
		{C19CE93F-FC44-6B57-97B5-4271460FA7B3}.Release|Any CPU.Build.0 = Release|Any CPU
	EndGlobalSection
	GlobalSection(SolutionProperties) = preSolution
		HideSolutionNode = FALSE
	EndGlobalSection
EndGlobal
